
Microsoft Visual Studio Solution File, Format Version 12.00
# Visual Studio Version 17
VisualStudioVersion = 17.13.35931.197 d17.13
MinimumVisualStudioVersion = 10.0.40219.1
Project("{FAE04EC0-301F-11D3-BF4B-00C04F79EFBC}") = "Gestor de estudiantes", "Gestor de estudiantes\Gestor de estudiantes.csproj", "{F3137C6E-6493-45D9-AEDE-38BA59C7C8EA}"
EndProject
Global
	GlobalSection(SolutionConfigurationPlatforms) = preSolution
		Debug|Any CPU = Debug|Any CPU
		Release|Any CPU = Release|Any CPU
	EndGlobalSection
	GlobalSection(ProjectConfigurationPlatforms) = postSolution
		{F3137C6E-6493-45D9-AEDE-38BA59C7C8EA}.Debug|Any CPU.ActiveCfg = Debug|Any CPU
		{F3137C6E-6493-45D9-AEDE-38BA59C7C8EA}.Debug|Any CPU.Build.0 = Debug|Any CPU
		{F3137C6E-6493-45D9-AEDE-38BA59C7C8EA}.Release|Any CPU.ActiveCfg = Release|Any CPU
		{F3137C6E-6493-45D9-AEDE-38BA59C7C8EA}.Release|Any CPU.Build.0 = Release|Any CPU
	EndGlobalSection
	GlobalSection(SolutionProperties) = preSolution
		HideSolutionNode = FALSE
	EndGlobalSection
	GlobalSection(ExtensibilityGlobals) = postSolution
		SolutionGuid = {366AB086-6E6C-4F1D-AA54-CA957093A9BA}
	EndGlobalSection
EndGlobal
